
Microsoft Visual Studio Solution File, Format Version 12.00
# Visual Studio Version 16
VisualStudioVersion = 16.0.30711.63
MinimumVisualStudioVersion = 10.0.40219.1
Project("{9A19103F-16F7-4668-BE54-9A1E7A4F7556}") = "BooklistByLG", "BooklistByLG\BooklistByLG.csproj", "{716A2527-526F-446A-95FD-4F8634965A93}"
EndProject
Global
	GlobalSection(SolutionConfigurationPlatforms) = preSolution
		Debug|Any CPU = Debug|Any CPU
		Release|Any CPU = Release|Any CPU
	EndGlobalSection
	GlobalSection(ProjectConfigurationPlatforms) = postSolution
		{716A2527-526F-446A-95FD-4F8634965A93}.Debug|Any CPU.ActiveCfg = Debug|Any CPU
		{716A2527-526F-446A-95FD-4F8634965A93}.Debug|Any CPU.Build.0 = Debug|Any CPU
		{716A2527-526F-446A-95FD-4F8634965A93}.Release|Any CPU.ActiveCfg = Release|Any CPU
		{716A2527-526F-446A-95FD-4F8634965A93}.Release|Any CPU.Build.0 = Release|Any CPU
	EndGlobalSection
	GlobalSection(SolutionProperties) = preSolution
		HideSolutionNode = FALSE
	EndGlobalSection
	GlobalSection(ExtensibilityGlobals) = postSolution
		SolutionGuid = {62BB63DA-BA95-440A-AB34-FACB11D65DC2}
	EndGlobalSection
EndGlobal
